
Microsoft Visual Studio Solution File, Format Version 12.00
# Visual Studio Version 17
VisualStudioVersion = 17.7.34202.233
MinimumVisualStudioVersion = 10.0.40219.1
Project("{9A19103F-16F7-4668-BE54-9A1E7A4F7556}") = "CaYaTSKMGR", "CaYaTSKMGR\CaYaTSKMGR.csproj", "{7D6E72F1-0E40-4FB4-8FB6-BD85F7C67E07}"
EndProject
Global
	GlobalSection(SolutionConfigurationPlatforms) = preSolution
		Debug|Any CPU = Debug|Any CPU
		Release|Any CPU = Release|Any CPU
	EndGlobalSection
	GlobalSection(ProjectConfigurationPlatforms) = postSolution
		{7D6E72F1-0E40-4FB4-8FB6-BD85F7C67E07}.Debug|Any CPU.ActiveCfg = Debug|Any CPU
		{7D6E72F1-0E40-4FB4-8FB6-BD85F7C67E07}.Debug|Any CPU.Build.0 = Debug|Any CPU
		{7D6E72F1-0E40-4FB4-8FB6-BD85F7C67E07}.Release|Any CPU.ActiveCfg = Release|Any CPU
		{7D6E72F1-0E40-4FB4-8FB6-BD85F7C67E07}.Release|Any CPU.Build.0 = Release|Any CPU
	EndGlobalSection
	GlobalSection(SolutionProperties) = preSolution
		HideSolutionNode = FALSE
	EndGlobalSection
	GlobalSection(ExtensibilityGlobals) = postSolution
		SolutionGuid = {E6175287-23D1-44BA-A88C-B35DEFBB0568}
	EndGlobalSection
EndGlobal
